
Microsoft Visual Studio Solution File, Format Version 12.00
# Visual Studio Version 16
VisualStudioVersion = 16.0.33027.164
MinimumVisualStudioVersion = 10.0.40219.1
Project("{FAE04EC0-301F-11D3-BF4B-00C04F79EFBC}") = "WebAPI_With_Sql_Server", "WebAPI_With_Sql_Server.csproj", "{2E34B31F-9690-4D8C-9777-7D68BBCB35EF}"
EndProject
Global
	GlobalSection(SolutionConfigurationPlatforms) = preSolution
		Debug|Any CPU = Debug|Any CPU
		Release|Any CPU = Release|Any CPU
	EndGlobalSection
	GlobalSection(ProjectConfigurationPlatforms) = postSolution
		{2E34B31F-9690-4D8C-9777-7D68BBCB35EF}.Debug|Any CPU.ActiveCfg = Debug|Any CPU
		{2E34B31F-9690-4D8C-9777-7D68BBCB35EF}.Debug|Any CPU.Build.0 = Debug|Any CPU
		{2E34B31F-9690-4D8C-9777-7D68BBCB35EF}.Release|Any CPU.ActiveCfg = Release|Any CPU
		{2E34B31F-9690-4D8C-9777-7D68BBCB35EF}.Release|Any CPU.Build.0 = Release|Any CPU
	EndGlobalSection
	GlobalSection(SolutionProperties) = preSolution
		HideSolutionNode = FALSE
	EndGlobalSection
	GlobalSection(ExtensibilityGlobals) = postSolution
		SolutionGuid = {7E4D78DA-2526-4A48-B958-51EA6A79F659}
	EndGlobalSection
EndGlobal
