
Microsoft Visual Studio Solution File, Format Version 12.00
# Visual Studio Version 16
VisualStudioVersion = 16.0.33027.164
MinimumVisualStudioVersion = 10.0.40219.1
Project("{FAE04EC0-301F-11D3-BF4B-00C04F79EFBC}") = "consuming_Data_ASP_DOTNET_MVC", "consuming_Data_ASP_DOTNET_MVC.csproj", "{9F91F844-95D0-4122-9BF1-D256771D73E2}"
EndProject
Global
	GlobalSection(SolutionConfigurationPlatforms) = preSolution
		Debug|Any CPU = Debug|Any CPU
		Release|Any CPU = Release|Any CPU
	EndGlobalSection
	GlobalSection(ProjectConfigurationPlatforms) = postSolution
		{9F91F844-95D0-4122-9BF1-D256771D73E2}.Debug|Any CPU.ActiveCfg = Debug|Any CPU
		{9F91F844-95D0-4122-9BF1-D256771D73E2}.Debug|Any CPU.Build.0 = Debug|Any CPU
		{9F91F844-95D0-4122-9BF1-D256771D73E2}.Release|Any CPU.ActiveCfg = Release|Any CPU
		{9F91F844-95D0-4122-9BF1-D256771D73E2}.Release|Any CPU.Build.0 = Release|Any CPU
	EndGlobalSection
	GlobalSection(SolutionProperties) = preSolution
		HideSolutionNode = FALSE
	EndGlobalSection
	GlobalSection(ExtensibilityGlobals) = postSolution
		SolutionGuid = {36E5380A-3E31-49FD-82FC-7BE3AF702895}
	EndGlobalSection
EndGlobal
